// !$*UTF8*$!
{
	archiveVersion = 1;
	classes = {
	};
	objectVersion = 46;
	objects = {

/* Begin PBXBuildFile section */
		815313611C8F48C500650A1B /* TransitionSystem.cpp in Sources */ = {isa = PBXBuildFile; fileRef = 815313391C8F48C500650A1B /* TransitionSystem.cpp */; };
		815313621C8F48C500650A1B /* CSPong.cpp in Sources */ = {isa = PBXBuildFile; fileRef = 8153133B1C8F48C500650A1B /* CSPong.cpp */; };
		815313631C8F48C500650A1B /* BallControllerComponent.cpp in Sources */ = {isa = PBXBuildFile; fileRef = 815313401C8F48C500650A1B /* BallControllerComponent.cpp */; };
		815313641C8F48C500650A1B /* CameraTiltComponent.cpp in Sources */ = {isa = PBXBuildFile; fileRef = 815313431C8F48C500650A1B /* CameraTiltComponent.cpp */; };
		815313651C8F48C500650A1B /* GameEntityFactory.cpp in Sources */ = {isa = PBXBuildFile; fileRef = 815313451C8F48C500650A1B /* GameEntityFactory.cpp */; };
		815313661C8F48C500650A1B /* GameState.cpp in Sources */ = {isa = PBXBuildFile; fileRef = 815313471C8F48C500650A1B /* GameState.cpp */; };
		815313671C8F48C500650A1B /* GoalCeremonySystem.cpp in Sources */ = {isa = PBXBuildFile; fileRef = 815313491C8F48C500650A1B /* GoalCeremonySystem.cpp */; };
		815313681C8F48C500650A1B /* AIControllerComponent.cpp in Sources */ = {isa = PBXBuildFile; fileRef = 8153134C1C8F48C500650A1B /* AIControllerComponent.cpp */; };
		815313691C8F48C500650A1B /* TouchControllerComponent.cpp in Sources */ = {isa = PBXBuildFile; fileRef = 8153134E1C8F48C500650A1B /* TouchControllerComponent.cpp */; };
		8153136A1C8F48C500650A1B /* DynamicBodyComponent.cpp in Sources */ = {isa = PBXBuildFile; fileRef = 815313511C8F48C500650A1B /* DynamicBodyComponent.cpp */; };
		8153136B1C8F48C500650A1B /* PhysicsSystem.cpp in Sources */ = {isa = PBXBuildFile; fileRef = 815313531C8F48C500650A1B /* PhysicsSystem.cpp */; };
		8153136C1C8F48C500650A1B /* StaticBodyComponent.cpp in Sources */ = {isa = PBXBuildFile; fileRef = 815313551C8F48C500650A1B /* StaticBodyComponent.cpp */; };
		8153136D1C8F48C500650A1B /* TriggerComponent.cpp in Sources */ = {isa = PBXBuildFile; fileRef = 815313571C8F48C500650A1B /* TriggerComponent.cpp */; };
		8153136E1C8F48C500650A1B /* ScoringSystem.cpp in Sources */ = {isa = PBXBuildFile; fileRef = 815313591C8F48C500650A1B /* ScoringSystem.cpp */; };
		8153136F1C8F48C500650A1B /* MainMenuState.cpp in Sources */ = {isa = PBXBuildFile; fileRef = 8153135C1C8F48C500650A1B /* MainMenuState.cpp */; };
		815313701C8F48C500650A1B /* SplashState.cpp in Sources */ = {isa = PBXBuildFile; fileRef = 8153135F1C8F48C500650A1B /* SplashState.cpp */; };
		81778F9C1C8D9D18008EEAFD /* Images.xcassets in Resources */ = {isa = PBXBuildFile; fileRef = 81778F9B1C8D9D18008EEAFD /* Images.xcassets */; };
		81C7000A1C89E9F300D306F9 /* LaunchScreen.storyboard in Resources */ = {isa = PBXBuildFile; fileRef = 81C700041C89E9F300D306F9 /* LaunchScreen.storyboard */; };
		81C700321C89ECA400D306F9 /* Accounts.framework in Frameworks */ = {isa = PBXBuildFile; fileRef = 81C700151C89ECA400D306F9 /* Accounts.framework */; };
		81C700331C89ECA400D306F9 /* AddressBook.framework in Frameworks */ = {isa = PBXBuildFile; fileRef = 81C700161C89ECA400D306F9 /* AddressBook.framework */; };
		81C700341C89ECA400D306F9 /* AddressBookUI.framework in Frameworks */ = {isa = PBXBuildFile; fileRef = 81C700171C89ECA400D306F9 /* AddressBookUI.framework */; };
		81C700351C89ECA400D306F9 /* AdSupport.framework in Frameworks */ = {isa = PBXBuildFile; fileRef = 81C700181C89ECA400D306F9 /* AdSupport.framework */; };
		81C700361C89ECA400D306F9 /* AudioToolbox.framework in Frameworks */ = {isa = PBXBuildFile; fileRef = 81C700191C89ECA400D306F9 /* AudioToolbox.framework */; };
		81C700371C89ECA400D306F9 /* AVFoundation.framework in Frameworks */ = {isa = PBXBuildFile; fileRef = 81C7001A1C89ECA400D306F9 /* AVFoundation.framework */; };
		81C700381C89ECA400D306F9 /* CFNetwork.framework in Frameworks */ = {isa = PBXBuildFile; fileRef = 81C7001B1C89ECA400D306F9 /* CFNetwork.framework */; };
		81C700391C89ECA400D306F9 /* CoreAudio.framework in Frameworks */ = {isa = PBXBuildFile; fileRef = 81C7001C1C89ECA400D306F9 /* CoreAudio.framework */; };
		81C7003A1C89ECA400D306F9 /* CoreGraphics.framework in Frameworks */ = {isa = PBXBuildFile; fileRef = 81C7001D1C89ECA400D306F9 /* CoreGraphics.framework */; };
		81C7003B1C89ECA400D306F9 /* CoreLocation.framework in Frameworks */ = {isa = PBXBuildFile; fileRef = 81C7001E1C89ECA400D306F9 /* CoreLocation.framework */; };
		81C7003C1C89ECA400D306F9 /* CoreMedia.framework in Frameworks */ = {isa = PBXBuildFile; fileRef = 81C7001F1C89ECA400D306F9 /* CoreMedia.framework */; };
		81C7003D1C89ECA400D306F9 /* CoreMotion.framework in Frameworks */ = {isa = PBXBuildFile; fileRef = 81C700201C89ECA400D306F9 /* CoreMotion.framework */; };
		81C7003E1C89ECA400D306F9 /* CoreTelephony.framework in Frameworks */ = {isa = PBXBuildFile; fileRef = 81C700211C89ECA400D306F9 /* CoreTelephony.framework */; };
		81C7003F1C89ECA400D306F9 /* Foundation.framework in Frameworks */ = {isa = PBXBuildFile; fileRef = 81C700221C89ECA400D306F9 /* Foundation.framework */; };
		81C700401C89ECA400D306F9 /* GLKit.framework in Frameworks */ = {isa = PBXBuildFile; fileRef = 81C700231C89ECA400D306F9 /* GLKit.framework */; };
		81C700411C89ECA400D306F9 /* libsqlite3.0.tbd in Frameworks */ = {isa = PBXBuildFile; fileRef = 81C700241C89ECA400D306F9 /* libsqlite3.0.tbd */; };
		81C700421C89ECA400D306F9 /* libz.1.2.5.tbd in Frameworks */ = {isa = PBXBuildFile; fileRef = 81C700251C89ECA400D306F9 /* libz.1.2.5.tbd */; };
		81C700431C89ECA400D306F9 /* libz.tbd in Frameworks */ = {isa = PBXBuildFile; fileRef = 81C700261C89ECA400D306F9 /* libz.tbd */; };
		81C700441C89ECA400D306F9 /* MapKit.framework in Frameworks */ = {isa = PBXBuildFile; fileRef = 81C700271C89ECA400D306F9 /* MapKit.framework */; };
		81C700451C89ECA400D306F9 /* MediaPlayer.framework in Frameworks */ = {isa = PBXBuildFile; fileRef = 81C700281C89ECA400D306F9 /* MediaPlayer.framework */; };
		81C700461C89ECA400D306F9 /* MessageUI.framework in Frameworks */ = {isa = PBXBuildFile; fileRef = 81C700291C89ECA400D306F9 /* MessageUI.framework */; };
		81C700471C89ECA400D306F9 /* MobileCoreServices.framework in Frameworks */ = {isa = PBXBuildFile; fileRef = 81C7002A1C89ECA400D306F9 /* MobileCoreServices.framework */; };
		81C700481C89ECA400D306F9 /* OpenGLES.framework in Frameworks */ = {isa = PBXBuildFile; fileRef = 81C7002B1C89ECA400D306F9 /* OpenGLES.framework */; };
		81C700491C89ECA400D306F9 /* QuartzCore.framework in Frameworks */ = {isa = PBXBuildFile; fileRef = 81C7002C1C89ECA400D306F9 /* QuartzCore.framework */; };
		81C7004A1C89ECA400D306F9 /* Security.framework in Frameworks */ = {isa = PBXBuildFile; fileRef = 81C7002D1C89ECA400D306F9 /* Security.framework */; };
		81C7004B1C89ECA400D306F9 /* Social.framework in Frameworks */ = {isa = PBXBuildFile; fileRef = 81C7002E1C89ECA400D306F9 /* Social.framework */; };
		81C7004C1C89ECA400D306F9 /* StoreKit.framework in Frameworks */ = {isa = PBXBuildFile; fileRef = 81C7002F1C89ECA400D306F9 /* StoreKit.framework */; };
		81C7004D1C89ECA400D306F9 /* SystemConfiguration.framework in Frameworks */ = {isa = PBXBuildFile; fileRef = 81C700301C89ECA400D306F9 /* SystemConfiguration.framework */; };
		81C7004E1C89ECA400D306F9 /* UIKit.framework in Frameworks */ = {isa = PBXBuildFile; fileRef = 81C700311C89ECA400D306F9 /* UIKit.framework */; };
		81C700571C89EDA200D306F9 /* libChilliSource.a in Frameworks */ = {isa = PBXBuildFile; fileRef = 81C700541C89ECB600D306F9 /* libChilliSource.a */; };
		81C7010B1C89EF9A00D306F9 /* AppResources in Resources */ = {isa = PBXBuildFile; fileRef = 81C701091C89EF9A00D306F9 /* AppResources */; };
		81C7010C1C89EF9A00D306F9 /* CSResources in Resources */ = {isa = PBXBuildFile; fileRef = 81C7010A1C89EF9A00D306F9 /* CSResources */; };
		81CF6EAA1C8F1378000DDF92 /* WebViewCloseButton.png in Resources */ = {isa = PBXBuildFile; fileRef = 81CF6EA91C8F1378000DDF92 /* WebViewCloseButton.png */; };
/* End PBXBuildFile section */

/* Begin PBXContainerItemProxy section */
		81C700531C89ECB600D306F9 /* PBXContainerItemProxy */ = {
			isa = PBXContainerItemProxy;
			containerPortal = 81C7004F1C89ECB600D306F9 /* ChilliSource.xcodeproj */;
			proxyType = 2;
			remoteGlobalIDString = 81D8ACF51962CEDC0010DA84;
			remoteInfo = ChilliSource;
		};
/* End PBXContainerItemProxy section */

/* Begin PBXFileReference section */
		815313391C8F48C500650A1B /* TransitionSystem.cpp */ = {isa = PBXFileReference; fileEncoding = 4; lastKnownFileType = sourcecode.cpp.cpp; path = TransitionSystem.cpp; sourceTree = "<group>"; };
		8153133A1C8F48C500650A1B /* TransitionSystem.h */ = {isa = PBXFileReference; fileEncoding = 4; lastKnownFileType = sourcecode.c.h; path = TransitionSystem.h; sourceTree = "<group>"; };
		8153133B1C8F48C500650A1B /* CSPong.cpp */ = {isa = PBXFileReference; fileEncoding = 4; lastKnownFileType = sourcecode.cpp.cpp; path = CSPong.cpp; sourceTree = "<group>"; };
		8153133C1C8F48C500650A1B /* CSPong.h */ = {isa = PBXFileReference; fileEncoding = 4; lastKnownFileType = sourcecode.c.h; path = CSPong.h; sourceTree = "<group>"; };
		8153133D1C8F48C500650A1B /* ForwardDeclarations.h */ = {isa = PBXFileReference; fileEncoding = 4; lastKnownFileType = sourcecode.c.h; path = ForwardDeclarations.h; sourceTree = "<group>"; };
		815313401C8F48C500650A1B /* BallControllerComponent.cpp */ = {isa = PBXFileReference; fileEncoding = 4; lastKnownFileType = sourcecode.cpp.cpp; path = BallControllerComponent.cpp; sourceTree = "<group>"; };
		815313411C8F48C500650A1B /* BallControllerComponent.h */ = {isa = PBXFileReference; fileEncoding = 4; lastKnownFileType = sourcecode.c.h; path = BallControllerComponent.h; sourceTree = "<group>"; };
		815313431C8F48C500650A1B /* CameraTiltComponent.cpp */ = {isa = PBXFileReference; fileEncoding = 4; lastKnownFileType = sourcecode.cpp.cpp; path = CameraTiltComponent.cpp; sourceTree = "<group>"; };
		815313441C8F48C500650A1B /* CameraTiltComponent.h */ = {isa = PBXFileReference; fileEncoding = 4; lastKnownFileType = sourcecode.c.h; path = CameraTiltComponent.h; sourceTree = "<group>"; };
		815313451C8F48C500650A1B /* GameEntityFactory.cpp */ = {isa = PBXFileReference; fileEncoding = 4; lastKnownFileType = sourcecode.cpp.cpp; path = GameEntityFactory.cpp; sourceTree = "<group>"; };
		815313461C8F48C500650A1B /* GameEntityFactory.h */ = {isa = PBXFileReference; fileEncoding = 4; lastKnownFileType = sourcecode.c.h; path = GameEntityFactory.h; sourceTree = "<group>"; };
		815313471C8F48C500650A1B /* GameState.cpp */ = {isa = PBXFileReference; fileEncoding = 4; lastKnownFileType = sourcecode.cpp.cpp; path = GameState.cpp; sourceTree = "<group>"; };
		815313481C8F48C500650A1B /* GameState.h */ = {isa = PBXFileReference; fileEncoding = 4; lastKnownFileType = sourcecode.c.h; path = GameState.h; sourceTree = "<group>"; };
		815313491C8F48C500650A1B /* GoalCeremonySystem.cpp */ = {isa = PBXFileReference; fileEncoding = 4; lastKnownFileType = sourcecode.cpp.cpp; path = GoalCeremonySystem.cpp; sourceTree = "<group>"; };
		8153134A1C8F48C500650A1B /* GoalCeremonySystem.h */ = {isa = PBXFileReference; fileEncoding = 4; lastKnownFileType = sourcecode.c.h; path = GoalCeremonySystem.h; sourceTree = "<group>"; };
		8153134C1C8F48C500650A1B /* AIControllerComponent.cpp */ = {isa = PBXFileReference; fileEncoding = 4; lastKnownFileType = sourcecode.cpp.cpp; path = AIControllerComponent.cpp; sourceTree = "<group>"; };
		8153134D1C8F48C500650A1B /* AIControllerComponent.h */ = {isa = PBXFileReference; fileEncoding = 4; lastKnownFileType = sourcecode.c.h; path = AIControllerComponent.h; sourceTree = "<group>"; };
		8153134E1C8F48C500650A1B /* TouchControllerComponent.cpp */ = {isa = PBXFileReference; fileEncoding = 4; lastKnownFileType = sourcecode.cpp.cpp; path = TouchControllerComponent.cpp; sourceTree = "<group>"; };
		8153134F1C8F48C500650A1B /* TouchControllerComponent.h */ = {isa = PBXFileReference; fileEncoding = 4; lastKnownFileType = sourcecode.c.h; path = TouchControllerComponent.h; sourceTree = "<group>"; };
		815313511C8F48C500650A1B /* DynamicBodyComponent.cpp */ = {isa = PBXFileReference; fileEncoding = 4; lastKnownFileType = sourcecode.cpp.cpp; path = DynamicBodyComponent.cpp; sourceTree = "<group>"; };
		815313521C8F48C500650A1B /* DynamicBodyComponent.h */ = {isa = PBXFileReference; fileEncoding = 4; lastKnownFileType = sourcecode.c.h; path = DynamicBodyComponent.h; sourceTree = "<group>"; };
		815313531C8F48C500650A1B /* PhysicsSystem.cpp */ = {isa = PBXFileReference; fileEncoding = 4; lastKnownFileType = sourcecode.cpp.cpp; path = PhysicsSystem.cpp; sourceTree = "<group>"; };
		815313541C8F48C500650A1B /* PhysicsSystem.h */ = {isa = PBXFileReference; fileEncoding = 4; lastKnownFileType = sourcecode.c.h; path = PhysicsSystem.h; sourceTree = "<group>"; };
		815313551C8F48C500650A1B /* StaticBodyComponent.cpp */ = {isa = PBXFileReference; fileEncoding = 4; lastKnownFileType = sourcecode.cpp.cpp; path = StaticBodyComponent.cpp; sourceTree = "<group>"; };
		815313561C8F48C500650A1B /* StaticBodyComponent.h */ = {isa = PBXFileReference; fileEncoding = 4; lastKnownFileType = sourcecode.c.h; path = StaticBodyComponent.h; sourceTree = "<group>"; };
		815313571C8F48C500650A1B /* TriggerComponent.cpp */ = {isa = PBXFileReference; fileEncoding = 4; lastKnownFileType = sourcecode.cpp.cpp; path = TriggerComponent.cpp; sourceTree = "<group>"; };
		815313581C8F48C500650A1B /* TriggerComponent.h */ = {isa = PBXFileReference; fileEncoding = 4; lastKnownFileType = sourcecode.c.h; path = TriggerComponent.h; sourceTree = "<group>"; };
		815313591C8F48C500650A1B /* ScoringSystem.cpp */ = {isa = PBXFileReference; fileEncoding = 4; lastKnownFileType = sourcecode.cpp.cpp; path = ScoringSystem.cpp; sourceTree = "<group>"; };
		8153135A1C8F48C500650A1B /* ScoringSystem.h */ = {isa = PBXFileReference; fileEncoding = 4; lastKnownFileType = sourcecode.c.h; path = ScoringSystem.h; sourceTree = "<group>"; };
		8153135C1C8F48C500650A1B /* MainMenuState.cpp */ = {isa = PBXFileReference; fileEncoding = 4; lastKnownFileType = sourcecode.cpp.cpp; path = MainMenuState.cpp; sourceTree = "<group>"; };
		8153135D1C8F48C500650A1B /* MainMenuState.h */ = {isa = PBXFileReference; fileEncoding = 4; lastKnownFileType = sourcecode.c.h; path = MainMenuState.h; sourceTree = "<group>"; };
		8153135F1C8F48C500650A1B /* SplashState.cpp */ = {isa = PBXFileReference; fileEncoding = 4; lastKnownFileType = sourcecode.cpp.cpp; path = SplashState.cpp; sourceTree = "<group>"; };
		815313601C8F48C500650A1B /* SplashState.h */ = {isa = PBXFileReference; fileEncoding = 4; lastKnownFileType = sourcecode.c.h; path = SplashState.h; sourceTree = "<group>"; };
		81778F9B1C8D9D18008EEAFD /* Images.xcassets */ = {isa = PBXFileReference; lastKnownFileType = folder.assetcatalog; path = Images.xcassets; sourceTree = "<group>"; };
		81C700051C89E9F300D306F9 /* Base */ = {isa = PBXFileReference; lastKnownFileType = file.storyboard; name = Base; path = Base.lproj/LaunchScreen.storyboard; sourceTree = "<group>"; };
		81C700081C89E9F300D306F9 /* Info.plist */ = {isa = PBXFileReference; fileEncoding = 4; lastKnownFileType = text.plist.xml; path = Info.plist; sourceTree = "<group>"; };
		81C700151C89ECA400D306F9 /* Accounts.framework */ = {isa = PBXFileReference; lastKnownFileType = wrapper.framework; name = Accounts.framework; path = System/Library/Frameworks/Accounts.framework; sourceTree = SDKROOT; };
		81C700161C89ECA400D306F9 /* AddressBook.framework */ = {isa = PBXFileReference; lastKnownFileType = wrapper.framework; name = AddressBook.framework; path = System/Library/Frameworks/AddressBook.framework; sourceTree = SDKROOT; };
		81C700171C89ECA400D306F9 /* AddressBookUI.framework */ = {isa = PBXFileReference; lastKnownFileType = wrapper.framework; name = AddressBookUI.framework; path = System/Library/Frameworks/AddressBookUI.framework; sourceTree = SDKROOT; };
		81C700181C89ECA400D306F9 /* AdSupport.framework */ = {isa = PBXFileReference; lastKnownFileType = wrapper.framework; name = AdSupport.framework; path = System/Library/Frameworks/AdSupport.framework; sourceTree = SDKROOT; };
		81C700191C89ECA400D306F9 /* AudioToolbox.framework */ = {isa = PBXFileReference; lastKnownFileType = wrapper.framework; name = AudioToolbox.framework; path = System/Library/Frameworks/AudioToolbox.framework; sourceTree = SDKROOT; };
		81C7001A1C89ECA400D306F9 /* AVFoundation.framework */ = {isa = PBXFileReference; lastKnownFileType = wrapper.framework; name = AVFoundation.framework; path = System/Library/Frameworks/AVFoundation.framework; sourceTree = SDKROOT; };
		81C7001B1C89ECA400D306F9 /* CFNetwork.framework */ = {isa = PBXFileReference; lastKnownFileType = wrapper.framework; name = CFNetwork.framework; path = System/Library/Frameworks/CFNetwork.framework; sourceTree = SDKROOT; };
		81C7001C1C89ECA400D306F9 /* CoreAudio.framework */ = {isa = PBXFileReference; lastKnownFileType = wrapper.framework; name = CoreAudio.framework; path = System/Library/Frameworks/CoreAudio.framework; sourceTree = SDKROOT; };
		81C7001D1C89ECA400D306F9 /* CoreGraphics.framework */ = {isa = PBXFileReference; lastKnownFileType = wrapper.framework; name = CoreGraphics.framework; path = System/Library/Frameworks/CoreGraphics.framework; sourceTree = SDKROOT; };
		81C7001E1C89ECA400D306F9 /* CoreLocation.framework */ = {isa = PBXFileReference; lastKnownFileType = wrapper.framework; name = CoreLocation.framework; path = System/Library/Frameworks/CoreLocation.framework; sourceTree = SDKROOT; };
		81C7001F1C89ECA400D306F9 /* CoreMedia.framework */ = {isa = PBXFileReference; lastKnownFileType = wrapper.framework; name = CoreMedia.framework; path = System/Library/Frameworks/CoreMedia.framework; sourceTree = SDKROOT; };
		81C700201C89ECA400D306F9 /* CoreMotion.framework */ = {isa = PBXFileReference; lastKnownFileType = wrapper.framework; name = CoreMotion.framework; path = System/Library/Frameworks/CoreMotion.framework; sourceTree = SDKROOT; };
		81C700211C89ECA400D306F9 /* CoreTelephony.framework */ = {isa = PBXFileReference; lastKnownFileType = wrapper.framework; name = CoreTelephony.framework; path = System/Library/Frameworks/CoreTelephony.framework; sourceTree = SDKROOT; };
		81C700221C89ECA400D306F9 /* Foundation.framework */ = {isa = PBXFileReference; lastKnownFileType = wrapper.framework; name = Foundation.framework; path = System/Library/Frameworks/Foundation.framework; sourceTree = SDKROOT; };
		81C700231C89ECA400D306F9 /* GLKit.framework */ = {isa = PBXFileReference; lastKnownFileType = wrapper.framework; name = GLKit.framework; path = System/Library/Frameworks/GLKit.framework; sourceTree = SDKROOT; };
		81C700241C89ECA400D306F9 /* libsqlite3.0.tbd */ = {isa = PBXFileReference; lastKnownFileType = "sourcecode.text-based-dylib-definition"; name = libsqlite3.0.tbd; path = usr/lib/libsqlite3.0.tbd; sourceTree = SDKROOT; };
		81C700251C89ECA400D306F9 /* libz.1.2.5.tbd */ = {isa = PBXFileReference; lastKnownFileType = "sourcecode.text-based-dylib-definition"; name = libz.1.2.5.tbd; path = usr/lib/libz.1.2.5.tbd; sourceTree = SDKROOT; };
		81C700261C89ECA400D306F9 /* libz.tbd */ = {isa = PBXFileReference; lastKnownFileType = "sourcecode.text-based-dylib-definition"; name = libz.tbd; path = usr/lib/libz.tbd; sourceTree = SDKROOT; };
		81C700271C89ECA400D306F9 /* MapKit.framework */ = {isa = PBXFileReference; lastKnownFileType = wrapper.framework; name = MapKit.framework; path = System/Library/Frameworks/MapKit.framework; sourceTree = SDKROOT; };
		81C700281C89ECA400D306F9 /* MediaPlayer.framework */ = {isa = PBXFileReference; lastKnownFileType = wrapper.framework; name = MediaPlayer.framework; path = System/Library/Frameworks/MediaPlayer.framework; sourceTree = SDKROOT; };
		81C700291C89ECA400D306F9 /* MessageUI.framework */ = {isa = PBXFileReference; lastKnownFileType = wrapper.framework; name = MessageUI.framework; path = System/Library/Frameworks/MessageUI.framework; sourceTree = SDKROOT; };
		81C7002A1C89ECA400D306F9 /* MobileCoreServices.framework */ = {isa = PBXFileReference; lastKnownFileType = wrapper.framework; name = MobileCoreServices.framework; path = System/Library/Frameworks/MobileCoreServices.framework; sourceTree = SDKROOT; };
		81C7002B1C89ECA400D306F9 /* OpenGLES.framework */ = {isa = PBXFileReference; lastKnownFileType = wrapper.framework; name = OpenGLES.framework; path = System/Library/Frameworks/OpenGLES.framework; sourceTree = SDKROOT; };
		81C7002C1C89ECA400D306F9 /* QuartzCore.framework */ = {isa = PBXFileReference; lastKnownFileType = wrapper.framework; name = QuartzCore.framework; path = System/Library/Frameworks/QuartzCore.framework; sourceTree = SDKROOT; };
		81C7002D1C89ECA400D306F9 /* Security.framework */ = {isa = PBXFileReference; lastKnownFileType = wrapper.framework; name = Security.framework; path = System/Library/Frameworks/Security.framework; sourceTree = SDKROOT; };
		81C7002E1C89ECA400D306F9 /* Social.framework */ = {isa = PBXFileReference; lastKnownFileType = wrapper.framework; name = Social.framework; path = System/Library/Frameworks/Social.framework; sourceTree = SDKROOT; };
		81C7002F1C89ECA400D306F9 /* StoreKit.framework */ = {isa = PBXFileReference; lastKnownFileType = wrapper.framework; name = StoreKit.framework; path = System/Library/Frameworks/StoreKit.framework; sourceTree = SDKROOT; };
		81C700301C89ECA400D306F9 /* SystemConfiguration.framework */ = {isa = PBXFileReference; lastKnownFileType = wrapper.framework; name = SystemConfiguration.framework; path = System/Library/Frameworks/SystemConfiguration.framework; sourceTree = SDKROOT; };
		81C700311C89ECA400D306F9 /* UIKit.framework */ = {isa = PBXFileReference; lastKnownFileType = wrapper.framework; name = UIKit.framework; path = System/Library/Frameworks/UIKit.framework; sourceTree = SDKROOT; };
		81C7004F1C89ECB600D306F9 /* ChilliSource.xcodeproj */ = {isa = PBXFileReference; lastKnownFileType = "wrapper.pb-project"; name = ChilliSource.xcodeproj; path = ../../ChilliSource/Projects/iOS/ChilliSource.xcodeproj; sourceTree = "<group>"; };
		81C701091C89EF9A00D306F9 /* AppResources */ = {isa = PBXFileReference; lastKnownFileType = folder; name = AppResources; path = XcodeBuiltAssets/AppResources; sourceTree = "<group>"; };
		81C7010A1C89EF9A00D306F9 /* CSResources */ = {isa = PBXFileReference; lastKnownFileType = folder; name = CSResources; path = XcodeBuiltAssets/CSResources; sourceTree = "<group>"; };
		81C7FFE41C89E86400D306F9 /* CSPong.app */ = {isa = PBXFileReference; explicitFileType = wrapper.application; includeInIndex = 0; path = CSPong.app; sourceTree = BUILT_PRODUCTS_DIR; };
		81CF6EA91C8F1378000DDF92 /* WebViewCloseButton.png */ = {isa = PBXFileReference; lastKnownFileType = image.png; path = WebViewCloseButton.png; sourceTree = "<group>"; };
/* End PBXFileReference section */

/* Begin PBXFrameworksBuildPhase section */
		81C7FFE11C89E86400D306F9 /* Frameworks */ = {
			isa = PBXFrameworksBuildPhase;
			buildActionMask = 2147483647;
			files = (
				81C700571C89EDA200D306F9 /* libChilliSource.a in Frameworks */,
				81C700321C89ECA400D306F9 /* Accounts.framework in Frameworks */,
				81C700331C89ECA400D306F9 /* AddressBook.framework in Frameworks */,
				81C700341C89ECA400D306F9 /* AddressBookUI.framework in Frameworks */,
				81C700351C89ECA400D306F9 /* AdSupport.framework in Frameworks */,
				81C700361C89ECA400D306F9 /* AudioToolbox.framework in Frameworks */,
				81C700371C89ECA400D306F9 /* AVFoundation.framework in Frameworks */,
				81C700381C89ECA400D306F9 /* CFNetwork.framework in Frameworks */,
				81C700391C89ECA400D306F9 /* CoreAudio.framework in Frameworks */,
				81C7003A1C89ECA400D306F9 /* CoreGraphics.framework in Frameworks */,
				81C7003B1C89ECA400D306F9 /* CoreLocation.framework in Frameworks */,
				81C7003C1C89ECA400D306F9 /* CoreMedia.framework in Frameworks */,
				81C7003D1C89ECA400D306F9 /* CoreMotion.framework in Frameworks */,
				81C7003E1C89ECA400D306F9 /* CoreTelephony.framework in Frameworks */,
				81C7003F1C89ECA400D306F9 /* Foundation.framework in Frameworks */,
				81C700401C89ECA400D306F9 /* GLKit.framework in Frameworks */,
				81C700411C89ECA400D306F9 /* libsqlite3.0.tbd in Frameworks */,
				81C700421C89ECA400D306F9 /* libz.1.2.5.tbd in Frameworks */,
				81C700431C89ECA400D306F9 /* libz.tbd in Frameworks */,
				81C700441C89ECA400D306F9 /* MapKit.framework in Frameworks */,
				81C700451C89ECA400D306F9 /* MediaPlayer.framework in Frameworks */,
				81C700461C89ECA400D306F9 /* MessageUI.framework in Frameworks */,
				81C700471C89ECA400D306F9 /* MobileCoreServices.framework in Frameworks */,
				81C700481C89ECA400D306F9 /* OpenGLES.framework in Frameworks */,
				81C700491C89ECA400D306F9 /* QuartzCore.framework in Frameworks */,
				81C7004A1C89ECA400D306F9 /* Security.framework in Frameworks */,
				81C7004B1C89ECA400D306F9 /* Social.framework in Frameworks */,
				81C7004C1C89ECA400D306F9 /* StoreKit.framework in Frameworks */,
				81C7004D1C89ECA400D306F9 /* SystemConfiguration.framework in Frameworks */,
				81C7004E1C89ECA400D306F9 /* UIKit.framework in Frameworks */,
			);
			runOnlyForDeploymentPostprocessing = 0;
		};
/* End PBXFrameworksBuildPhase section */

/* Begin PBXGroup section */
		815313371C8F48C500650A1B /* AppSource */ = {
			isa = PBXGroup;
			children = (
				815313381C8F48C500650A1B /* Common */,
				8153133B1C8F48C500650A1B /* CSPong.cpp */,
				8153133C1C8F48C500650A1B /* CSPong.h */,
				8153133D1C8F48C500650A1B /* ForwardDeclarations.h */,
				8153133E1C8F48C500650A1B /* Game */,
				8153135B1C8F48C500650A1B /* MainMenu */,
				8153135E1C8F48C500650A1B /* Splash */,
			);
			name = AppSource;
			path = ../../AppSource;
			sourceTree = "<group>";
		};
		815313381C8F48C500650A1B /* Common */ = {
			isa = PBXGroup;
			children = (
				815313391C8F48C500650A1B /* TransitionSystem.cpp */,
				8153133A1C8F48C500650A1B /* TransitionSystem.h */,
			);
			path = Common;
			sourceTree = "<group>";
		};
		8153133E1C8F48C500650A1B /* Game */ = {
			isa = PBXGroup;
			children = (
				8153133F1C8F48C500650A1B /* Ball */,
				815313421C8F48C500650A1B /* Camera */,
				815313451C8F48C500650A1B /* GameEntityFactory.cpp */,
				815313461C8F48C500650A1B /* GameEntityFactory.h */,
				815313471C8F48C500650A1B /* GameState.cpp */,
				815313481C8F48C500650A1B /* GameState.h */,
				815313491C8F48C500650A1B /* GoalCeremonySystem.cpp */,
				8153134A1C8F48C500650A1B /* GoalCeremonySystem.h */,
				8153134B1C8F48C500650A1B /* Paddle */,
				815313501C8F48C500650A1B /* Physics */,
				815313591C8F48C500650A1B /* ScoringSystem.cpp */,
				8153135A1C8F48C500650A1B /* ScoringSystem.h */,
			);
			path = Game;
			sourceTree = "<group>";
		};
		8153133F1C8F48C500650A1B /* Ball */ = {
			isa = PBXGroup;
			children = (
				815313401C8F48C500650A1B /* BallControllerComponent.cpp */,
				815313411C8F48C500650A1B /* BallControllerComponent.h */,
			);
			path = Ball;
			sourceTree = "<group>";
		};
		815313421C8F48C500650A1B /* Camera */ = {
			isa = PBXGroup;
			children = (
				815313431C8F48C500650A1B /* CameraTiltComponent.cpp */,
				815313441C8F48C500650A1B /* CameraTiltComponent.h */,
			);
			path = Camera;
			sourceTree = "<group>";
		};
		8153134B1C8F48C500650A1B /* Paddle */ = {
			isa = PBXGroup;
			children = (
				8153134C1C8F48C500650A1B /* AIControllerComponent.cpp */,
				8153134D1C8F48C500650A1B /* AIControllerComponent.h */,
				8153134E1C8F48C500650A1B /* TouchControllerComponent.cpp */,
				8153134F1C8F48C500650A1B /* TouchControllerComponent.h */,
			);
			path = Paddle;
			sourceTree = "<group>";
		};
		815313501C8F48C500650A1B /* Physics */ = {
			isa = PBXGroup;
			children = (
				815313511C8F48C500650A1B /* DynamicBodyComponent.cpp */,
				815313521C8F48C500650A1B /* DynamicBodyComponent.h */,
				815313531C8F48C500650A1B /* PhysicsSystem.cpp */,
				815313541C8F48C500650A1B /* PhysicsSystem.h */,
				815313551C8F48C500650A1B /* StaticBodyComponent.cpp */,
				815313561C8F48C500650A1B /* StaticBodyComponent.h */,
				815313571C8F48C500650A1B /* TriggerComponent.cpp */,
				815313581C8F48C500650A1B /* TriggerComponent.h */,
			);
			path = Physics;
			sourceTree = "<group>";
		};
		8153135B1C8F48C500650A1B /* MainMenu */ = {
			isa = PBXGroup;
			children = (
				8153135C1C8F48C500650A1B /* MainMenuState.cpp */,
				8153135D1C8F48C500650A1B /* MainMenuState.h */,
			);
			path = MainMenu;
			sourceTree = "<group>";
		};
		8153135E1C8F48C500650A1B /* Splash */ = {
			isa = PBXGroup;
			children = (
				8153135F1C8F48C500650A1B /* SplashState.cpp */,
				815313601C8F48C500650A1B /* SplashState.h */,
			);
			path = Splash;
			sourceTree = "<group>";
		};
		81C700021C89E9F300D306F9 /* ProjectResources */ = {
			isa = PBXGroup;
			children = (
				81CF6EA91C8F1378000DDF92 /* WebViewCloseButton.png */,
				81778F9B1C8D9D18008EEAFD /* Images.xcassets */,
				81C700041C89E9F300D306F9 /* LaunchScreen.storyboard */,
				81C700081C89E9F300D306F9 /* Info.plist */,
			);
			path = ProjectResources;
			sourceTree = "<group>";
		};
		81C700141C89EBEA00D306F9 /* Frameworks */ = {
			isa = PBXGroup;
			children = (
				81C700151C89ECA400D306F9 /* Accounts.framework */,
				81C700161C89ECA400D306F9 /* AddressBook.framework */,
				81C700171C89ECA400D306F9 /* AddressBookUI.framework */,
				81C700181C89ECA400D306F9 /* AdSupport.framework */,
				81C700191C89ECA400D306F9 /* AudioToolbox.framework */,
				81C7001A1C89ECA400D306F9 /* AVFoundation.framework */,
				81C7001B1C89ECA400D306F9 /* CFNetwork.framework */,
				81C7001C1C89ECA400D306F9 /* CoreAudio.framework */,
				81C7001D1C89ECA400D306F9 /* CoreGraphics.framework */,
				81C7001E1C89ECA400D306F9 /* CoreLocation.framework */,
				81C7001F1C89ECA400D306F9 /* CoreMedia.framework */,
				81C700201C89ECA400D306F9 /* CoreMotion.framework */,
				81C700211C89ECA400D306F9 /* CoreTelephony.framework */,
				81C700221C89ECA400D306F9 /* Foundation.framework */,
				81C700231C89ECA400D306F9 /* GLKit.framework */,
				81C700241C89ECA400D306F9 /* libsqlite3.0.tbd */,
				81C700251C89ECA400D306F9 /* libz.1.2.5.tbd */,
				81C700261C89ECA400D306F9 /* libz.tbd */,
				81C700271C89ECA400D306F9 /* MapKit.framework */,
				81C700281C89ECA400D306F9 /* MediaPlayer.framework */,
				81C700291C89ECA400D306F9 /* MessageUI.framework */,
				81C7002A1C89ECA400D306F9 /* MobileCoreServices.framework */,
				81C7002B1C89ECA400D306F9 /* OpenGLES.framework */,
				81C7002C1C89ECA400D306F9 /* QuartzCore.framework */,
				81C7002D1C89ECA400D306F9 /* Security.framework */,
				81C7002E1C89ECA400D306F9 /* Social.framework */,
				81C7002F1C89ECA400D306F9 /* StoreKit.framework */,
				81C700301C89ECA400D306F9 /* SystemConfiguration.framework */,
				81C700311C89ECA400D306F9 /* UIKit.framework */,
			);
			name = Frameworks;
			sourceTree = "<group>";
		};
		81C700501C89ECB600D306F9 /* Products */ = {
			isa = PBXGroup;
			children = (
				81C700541C89ECB600D306F9 /* libChilliSource.a */,
			);
			name = Products;
			sourceTree = "<group>";
		};
		81C700AF1C89EF5300D306F9 /* BuiltResources */ = {
			isa = PBXGroup;
			children = (
				81C701091C89EF9A00D306F9 /* AppResources */,
				81C7010A1C89EF9A00D306F9 /* CSResources */,
				81C700021C89E9F300D306F9 /* ProjectResources */,
			);
			name = BuiltResources;
			sourceTree = "<group>";
		};
		81C7FFDB1C89E86400D306F9 = {
			isa = PBXGroup;
			children = (
				815313371C8F48C500650A1B /* AppSource */,
				81C700AF1C89EF5300D306F9 /* BuiltResources */,
				81C7004F1C89ECB600D306F9 /* ChilliSource.xcodeproj */,
				81C700141C89EBEA00D306F9 /* Frameworks */,
				81C7FFE51C89E86400D306F9 /* Products */,
			);
			sourceTree = "<group>";
		};
		81C7FFE51C89E86400D306F9 /* Products */ = {
			isa = PBXGroup;
			children = (
				81C7FFE41C89E86400D306F9 /* CSPong.app */,
			);
			name = Products;
			sourceTree = "<group>";
		};
/* End PBXGroup section */

/* Begin PBXNativeTarget section */
		81C7FFE31C89E86400D306F9 /* CSPong */ = {
			isa = PBXNativeTarget;
			buildConfigurationList = 81C7FFFF1C89E86400D306F9 /* Build configuration list for PBXNativeTarget "CSPong" */;
			buildPhases = (
				81C700561C89ED2600D306F9 /* Build Resources Script */,
				81C7FFE01C89E86400D306F9 /* Sources */,
				81C7FFE11C89E86400D306F9 /* Frameworks */,
				81C7FFE21C89E86400D306F9 /* Resources */,
			);
			buildRules = (
			);
			dependencies = (
			);
			name = CSPong;
			productName = CSPong;
			productReference = 81C7FFE41C89E86400D306F9 /* CSPong.app */;
			productType = "com.apple.product-type.application";
		};
/* End PBXNativeTarget section */

/* Begin PBXProject section */
		81C7FFDC1C89E86400D306F9 /* Project object */ = {
			isa = PBXProject;
			attributes = {
				LastUpgradeCheck = 0720;
				ORGANIZATIONNAME = Company;
				TargetAttributes = {
					81C7FFE31C89E86400D306F9 = {
						CreatedOnToolsVersion = 7.2.1;
					};
				};
			};
			buildConfigurationList = 81C7FFDF1C89E86400D306F9 /* Build configuration list for PBXProject "CSPong" */;
			compatibilityVersion = "Xcode 3.2";
			developmentRegion = English;
			hasScannedForEncodings = 0;
			knownRegions = (
				en,
				Base,
			);
			mainGroup = 81C7FFDB1C89E86400D306F9;
			productRefGroup = 81C7FFE51C89E86400D306F9 /* Products */;
			projectDirPath = "";
			projectReferences = (
				{
					ProductGroup = 81C700501C89ECB600D306F9 /* Products */;
					ProjectRef = 81C7004F1C89ECB600D306F9 /* ChilliSource.xcodeproj */;
				},
			);
			projectRoot = "";
			targets = (
				81C7FFE31C89E86400D306F9 /* CSPong */,
			);
		};
/* End PBXProject section */

/* Begin PBXReferenceProxy section */
		81C700541C89ECB600D306F9 /* libChilliSource.a */ = {
			isa = PBXReferenceProxy;
			fileType = archive.ar;
			path = libChilliSource.a;
			remoteRef = 81C700531C89ECB600D306F9 /* PBXContainerItemProxy */;
			sourceTree = BUILT_PRODUCTS_DIR;
		};
/* End PBXReferenceProxy section */

/* Begin PBXResourcesBuildPhase section */
		81C7FFE21C89E86400D306F9 /* Resources */ = {
			isa = PBXResourcesBuildPhase;
			buildActionMask = 2147483647;
			files = (
				81C7010B1C89EF9A00D306F9 /* AppResources in Resources */,
				81CF6EAA1C8F1378000DDF92 /* WebViewCloseButton.png in Resources */,
				81778F9C1C8D9D18008EEAFD /* Images.xcassets in Resources */,
				81C7010C1C89EF9A00D306F9 /* CSResources in Resources */,
				81C7000A1C89E9F300D306F9 /* LaunchScreen.storyboard in Resources */,
			);
			runOnlyForDeploymentPostprocessing = 0;
		};
/* End PBXResourcesBuildPhase section */

/* Begin PBXShellScriptBuildPhase section */
		81C700561C89ED2600D306F9 /* Build Resources Script */ = {
			isa = PBXShellScriptBuildPhase;
			buildActionMask = 2147483647;
			files = (
			);
			inputPaths = (
			);
			name = "Build Resources Script";
			outputPaths = (
			);
			runOnlyForDeploymentPostprocessing = 0;
			shellPath = /bin/sh;
			shellScript = "python $PROJECT_DIR/../../ChilliSource/Tools/Scripts/copy_ios_resources.py $PROJECT_DIR\n\nASSETS_DIR=\"$PROJECT_DIR/XCodeBuiltAssets\"\necho \"Touching assets in $ASSETS_DIR to force rebundling\"\ntouch \"$ASSETS_DIR\"\nfind $ASSETS_DIR -type d -exec touch \"{}\" \\+\n\nPROJ_ASSETS_DIR=\"$PROJECT_DIR/ProjectResources\"\necho \"Touching assets in $PROJ_ASSETS_DIR to force rebundling\"\ntouch \"$PROJ_ASSETS_DIR\"\nfind $PROJ_ASSETS_DIR -type d -exec touch \"{}\" \\+";
		};
/* End PBXShellScriptBuildPhase section */

/* Begin PBXSourcesBuildPhase section */
		81C7FFE01C89E86400D306F9 /* Sources */ = {
			isa = PBXSourcesBuildPhase;
			buildActionMask = 2147483647;
			files = (
				8153136E1C8F48C500650A1B /* ScoringSystem.cpp in Sources */,
				815313611C8F48C500650A1B /* TransitionSystem.cpp in Sources */,
				8153136C1C8F48C500650A1B /* StaticBodyComponent.cpp in Sources */,
				815313691C8F48C500650A1B /* TouchControllerComponent.cpp in Sources */,
				815313661C8F48C500650A1B /* GameState.cpp in Sources */,
				8153136B1C8F48C500650A1B /* PhysicsSystem.cpp in Sources */,
				8153136A1C8F48C500650A1B /* DynamicBodyComponent.cpp in Sources */,
				815313641C8F48C500650A1B /* CameraTiltComponent.cpp in Sources */,
				815313681C8F48C500650A1B /* AIControllerComponent.cpp in Sources */,
				815313631C8F48C500650A1B /* BallControllerComponent.cpp in Sources */,
				8153136F1C8F48C500650A1B /* MainMenuState.cpp in Sources */,
				815313621C8F48C500650A1B /* CSPong.cpp in Sources */,
				815313701C8F48C500650A1B /* SplashState.cpp in Sources */,
				815313671C8F48C500650A1B /* GoalCeremonySystem.cpp in Sources */,
				8153136D1C8F48C500650A1B /* TriggerComponent.cpp in Sources */,
				815313651C8F48C500650A1B /* GameEntityFactory.cpp in Sources */,
			);
			runOnlyForDeploymentPostprocessing = 0;
		};
/* End PBXSourcesBuildPhase section */

/* Begin PBXVariantGroup section */
		81C700041C89E9F300D306F9 /* LaunchScreen.storyboard */ = {
			isa = PBXVariantGroup;
			children = (
				81C700051C89E9F300D306F9 /* Base */,
			);
			name = LaunchScreen.storyboard;
			sourceTree = "<group>";
		};
/* End PBXVariantGroup section */

/* Begin XCBuildConfiguration section */
		81C700001C89E86400D306F9 /* Debug */ = {
			isa = XCBuildConfiguration;
			buildSettings = {
				ASSETCATALOG_COMPILER_APPICON_NAME = AppIcon;
				ASSETCATALOG_COMPILER_LAUNCHIMAGE_NAME = LegacyLaunchImages;
				ENABLE_BITCODE = NO;
				GCC_SYMBOLS_PRIVATE_EXTERN = NO;
				INFOPLIST_FILE = "$(SRCROOT)/ProjectResources/Info.plist";
				LD_RUNPATH_SEARCH_PATHS = "$(inherited) @executable_path/Frameworks";
				PRODUCT_BUNDLE_IDENTIFIER = com.taggames.cspong;
				PRODUCT_NAME = "$(TARGET_NAME)";
				TARGETED_DEVICE_FAMILY = "1,2";
			};
			name = Debug;
		};
		81C700011C89E86400D306F9 /* Release */ = {
			isa = XCBuildConfiguration;
			buildSettings = {
				ASSETCATALOG_COMPILER_APPICON_NAME = AppIcon;
				ASSETCATALOG_COMPILER_LAUNCHIMAGE_NAME = LegacyLaunchImages;
				ENABLE_BITCODE = NO;
				GCC_SYMBOLS_PRIVATE_EXTERN = NO;
				INFOPLIST_FILE = "$(SRCROOT)/ProjectResources/Info.plist";
				LD_RUNPATH_SEARCH_PATHS = "$(inherited) @executable_path/Frameworks";
				PRODUCT_BUNDLE_IDENTIFIER = com.taggames.cspong;
				PRODUCT_NAME = "$(TARGET_NAME)";
				TARGETED_DEVICE_FAMILY = "1,2";
			};
			name = Release;
		};
		81C7FFFD1C89E86400D306F9 /* Debug */ = {
			isa = XCBuildConfiguration;
			buildSettings = {
				ALWAYS_SEARCH_USER_PATHS = NO;
				CLANG_CXX_LANGUAGE_STANDARD = "gnu++0x";
				CLANG_CXX_LIBRARY = "libc++";
				CLANG_ENABLE_MODULES = YES;
				CLANG_ENABLE_OBJC_ARC = NO;
				CLANG_WARN_BOOL_CONVERSION = YES;
				CLANG_WARN_CONSTANT_CONVERSION = YES;
				CLANG_WARN_DIRECT_OBJC_ISA_USAGE = YES_ERROR;
				CLANG_WARN_EMPTY_BODY = YES;
				CLANG_WARN_ENUM_CONVERSION = YES;
				CLANG_WARN_INT_CONVERSION = YES;
				CLANG_WARN_OBJC_ROOT_CLASS = YES_ERROR;
				CLANG_WARN_UNREACHABLE_CODE = YES;
				CLANG_WARN__DUPLICATE_METHOD_MATCH = YES;
				"CODE_SIGN_IDENTITY[sdk=iphoneos*]" = "iPhone Developer";
				COPY_PHASE_STRIP = NO;
				DEBUG_INFORMATION_FORMAT = "dwarf-with-dsym";
				ENABLE_STRICT_OBJC_MSGSEND = YES;
				ENABLE_TESTABILITY = YES;
				FRAMEWORK_SEARCH_PATHS = (
					"$(inherited)",
					"$(PROJECT_DIR)/../../ChilliSource/Libraries/Core/iOS/Libs",
				);
				GCC_C_LANGUAGE_STANDARD = gnu99;
				GCC_DYNAMIC_NO_PIC = NO;
				GCC_INPUT_FILETYPE = sourcecode.cpp.objcpp;
				GCC_NO_COMMON_BLOCKS = YES;
				GCC_OPTIMIZATION_LEVEL = 0;
				GCC_PREPROCESSOR_DEFINITIONS = (
					"DEBUG=1",
					CS_TARGETPLATFORM_IOS,
					CS_ENABLE_DEBUG,
					CS_LOGLEVEL_VERBOSE,
					"$(inherited)",
				);
				GCC_WARN_64_TO_32_BIT_CONVERSION = YES;
				GCC_WARN_ABOUT_RETURN_TYPE = YES_ERROR;
				GCC_WARN_UNDECLARED_SELECTOR = YES;
				GCC_WARN_UNINITIALIZED_AUTOS = YES_AGGRESSIVE;
				GCC_WARN_UNUSED_FUNCTION = YES;
				GCC_WARN_UNUSED_VARIABLE = YES;
				HEADER_SEARCH_PATHS = (
					"$(SRCROOT)/../../AppSource",
					"$(SRCROOT)/../../ChilliSource/Source",
					"$(SRCROOT)/../../ChilliSource/Libraries/Core/iOS/Headers",
					"$(SRCROOT)/../../ChilliSource/Libraries/CricketAudio/iOS/Headers",
				);
				IPHONEOS_DEPLOYMENT_TARGET = 6.0;
				LIBRARY_SEARCH_PATHS = (
					"$(PROJECT_DIR)/../../ChilliSource/Libraries/Core/iOS/Libs",
					"$(PROJECT_DIR)/../../ChilliSource/Libraries/CricketAudio/iOS/Libs",
				);
				MTL_ENABLE_DEBUG_INFO = YES;
				ONLY_ACTIVE_ARCH = YES;
				SDKROOT = iphoneos;
				TARGETED_DEVICE_FAMILY = "1,2";
			};
			name = Debug;
		};
		81C7FFFE1C89E86400D306F9 /* Release */ = {
			isa = XCBuildConfiguration;
			buildSettings = {
				ALWAYS_SEARCH_USER_PATHS = NO;
				CLANG_CXX_LANGUAGE_STANDARD = "gnu++0x";
				CLANG_CXX_LIBRARY = "libc++";
				CLANG_ENABLE_MODULES = YES;
				CLANG_ENABLE_OBJC_ARC = NO;
				CLANG_WARN_BOOL_CONVERSION = YES;
				CLANG_WARN_CONSTANT_CONVERSION = YES;
				CLANG_WARN_DIRECT_OBJC_ISA_USAGE = YES_ERROR;
				CLANG_WARN_EMPTY_BODY = YES;
				CLANG_WARN_ENUM_CONVERSION = YES;
				CLANG_WARN_INT_CONVERSION = YES;
				CLANG_WARN_OBJC_ROOT_CLASS = YES_ERROR;
				CLANG_WARN_UNREACHABLE_CODE = YES;
				CLANG_WARN__DUPLICATE_METHOD_MATCH = YES;
				"CODE_SIGN_IDENTITY[sdk=iphoneos*]" = "iPhone Developer";
				COPY_PHASE_STRIP = NO;
				DEBUG_INFORMATION_FORMAT = "dwarf-with-dsym";
				ENABLE_NS_ASSERTIONS = NO;
				ENABLE_STRICT_OBJC_MSGSEND = YES;
				FRAMEWORK_SEARCH_PATHS = (
					"$(inherited)",
					"$(PROJECT_DIR)/../../ChilliSource/Libraries/Core/iOS/Libs",
				);
				GCC_C_LANGUAGE_STANDARD = gnu99;
				GCC_INPUT_FILETYPE = sourcecode.cpp.objcpp;
				GCC_NO_COMMON_BLOCKS = YES;
				GCC_PREPROCESSOR_DEFINITIONS = (
					NDEBUG,
					CS_TARGETPLATFORM_IOS,
					CS_LOGLEVEL_WARNING,
				);
				GCC_WARN_64_TO_32_BIT_CONVERSION = YES;
				GCC_WARN_ABOUT_RETURN_TYPE = YES_ERROR;
				GCC_WARN_UNDECLARED_SELECTOR = YES;
				GCC_WARN_UNINITIALIZED_AUTOS = YES_AGGRESSIVE;
				GCC_WARN_UNUSED_FUNCTION = YES;
				GCC_WARN_UNUSED_VARIABLE = YES;
				HEADER_SEARCH_PATHS = (
					"$(SRCROOT)/../../AppSource",
					"$(SRCROOT)/../../ChilliSource/Source",
					"$(SRCROOT)/../../ChilliSource/Libraries/Core/iOS/Headers",
					"$(SRCROOT)/../../ChilliSource/Libraries/CricketAudio/iOS/Headers",
				);
				IPHONEOS_DEPLOYMENT_TARGET = 6.0;
				LIBRARY_SEARCH_PATHS = (
					"$(PROJECT_DIR)/../../ChilliSource/Libraries/Core/iOS/Libs",
					"$(PROJECT_DIR)/../../ChilliSource/Libraries/CricketAudio/iOS/Libs",
				);
				MTL_ENABLE_DEBUG_INFO = NO;
				SDKROOT = iphoneos;
				TARGETED_DEVICE_FAMILY = "1,2";
				VALIDATE_PRODUCT = YES;
			};
			name = Release;
		};
/* End XCBuildConfiguration section */

/* Begin XCConfigurationList section */
		81C7FFDF1C89E86400D306F9 /* Build configuration list for PBXProject "CSPong" */ = {
			isa = XCConfigurationList;
			buildConfigurations = (
				81C7FFFD1C89E86400D306F9 /* Debug */,
				81C7FFFE1C89E86400D306F9 /* Release */,
			);
			defaultConfigurationIsVisible = 0;
			defaultConfigurationName = Release;
		};
		81C7FFFF1C89E86400D306F9 /* Build configuration list for PBXNativeTarget "CSPong" */ = {
			isa = XCConfigurationList;
			buildConfigurations = (
				81C700001C89E86400D306F9 /* Debug */,
				81C700011C89E86400D306F9 /* Release */,
			);
			defaultConfigurationIsVisible = 0;
			defaultConfigurationName = Release;
		};
/* End XCConfigurationList section */
	};
	rootObject = 81C7FFDC1C89E86400D306F9 /* Project object */;
}
