<?xml version="1.0" encoding="utf-8"?>
<Project ToolsVersion="4.0" xmlns="http://schemas.microsoft.com/developer/msbuild/2003">
  <ItemGroup>
    <Filter Include="AppSource">
      <UniqueIdentifier>{e3af39e3-66f2-4fc8-81be-2e2ff69be4f9}</UniqueIdentifier>
    </Filter>
    <Filter Include="AppSource\Common">
      <UniqueIdentifier>{b3028a21-d34d-458e-acc5-140af9aab058}</UniqueIdentifier>
    </Filter>
    <Filter Include="AppSource\Game">
      <UniqueIdentifier>{2218d8bd-be7d-444a-ba9a-ae91573f8fbe}</UniqueIdentifier>
    </Filter>
    <Filter Include="AppSource\MainMenu">
      <UniqueIdentifier>{14f9572f-ce84-489a-8c07-e10c7473e696}</UniqueIdentifier>
    </Filter>
    <Filter Include="AppSource\Splash">
      <UniqueIdentifier>{ac177b72-1015-4724-ac30-0e587e740f1f}</UniqueIdentifier>
    </Filter>
    <Filter Include="AppSource\Game\Ball">
      <UniqueIdentifier>{b983f899-f552-43e6-afd8-fd6e9acf16c3}</UniqueIdentifier>
    </Filter>
    <Filter Include="AppSource\Game\Paddle">
      <UniqueIdentifier>{14090f4f-7dfa-4cf1-8d8a-98df22fdb349}</UniqueIdentifier>
    </Filter>
    <Filter Include="AppSource\Game\Camera">
      <UniqueIdentifier>{4aba091f-4ff0-4e52-8351-152aef5a8f4f}</UniqueIdentifier>
    </Filter>
    <Filter Include="AppSource\Game\Physics">
      <UniqueIdentifier>{c3366815-8e5d-4948-a60f-e8562deb2de6}</UniqueIdentifier>
    </Filter>
  </ItemGroup>
  <ItemGroup>
    <ClCompile Include="..\..\AppSource\CSPong.cpp">
      <Filter>AppSource</Filter>
    </ClCompile>
    <ClCompile Include="..\..\AppSource\Common\TransitionSystem.cpp">
      <Filter>AppSource\Common</Filter>
    </ClCompile>
    <ClCompile Include="..\..\AppSource\Game\GameEntityFactory.cpp">
      <Filter>AppSource\Game</Filter>
    </ClCompile>
    <ClCompile Include="..\..\AppSource\Game\GameState.cpp">
      <Filter>AppSource\Game</Filter>
    </ClCompile>
    <ClCompile Include="..\..\AppSource\Game\GoalCeremonySystem.cpp">
      <Filter>AppSource\Game</Filter>
    </ClCompile>
    <ClCompile Include="..\..\AppSource\Game\ScoringSystem.cpp">
      <Filter>AppSource\Game</Filter>
    </ClCompile>
    <ClCompile Include="..\..\AppSource\Game\Ball\BallControllerComponent.cpp">
      <Filter>AppSource\Game\Ball</Filter>
    </ClCompile>
    <ClCompile Include="..\..\AppSource\Game\Camera\CameraTiltComponent.cpp">
      <Filter>AppSource\Game\Camera</Filter>
    </ClCompile>
    <ClCompile Include="..\..\AppSource\Game\Physics\DynamicBodyComponent.cpp">
      <Filter>AppSource\Game\Physics</Filter>
    </ClCompile>
    <ClCompile Include="..\..\AppSource\Game\Physics\PhysicsSystem.cpp">
      <Filter>AppSource\Game\Physics</Filter>
    </ClCompile>
    <ClCompile Include="..\..\AppSource\Game\Physics\StaticBodyComponent.cpp">
      <Filter>AppSource\Game\Physics</Filter>
    </ClCompile>
    <ClCompile Include="..\..\AppSource\Game\Physics\TriggerComponent.cpp">
      <Filter>AppSource\Game\Physics</Filter>
    </ClCompile>
    <ClCompile Include="..\..\AppSource\Game\Paddle\AIControllerComponent.cpp">
      <Filter>AppSource\Game\Paddle</Filter>
    </ClCompile>
    <ClCompile Include="..\..\AppSource\Game\Paddle\TouchControllerComponent.cpp">
      <Filter>AppSource\Game\Paddle</Filter>
    </ClCompile>
    <ClCompile Include="..\..\AppSource\MainMenu\MainMenuState.cpp">
      <Filter>AppSource\MainMenu</Filter>
    </ClCompile>
    <ClCompile Include="..\..\AppSource\Splash\SplashState.cpp">
      <Filter>AppSource\Splash</Filter>
    </ClCompile>
  </ItemGroup>
  <ItemGroup>
    <ClInclude Include="..\..\AppSource\CSPong.h">
      <Filter>AppSource</Filter>
    </ClInclude>
    <ClInclude Include="..\..\AppSource\ForwardDeclarations.h">
      <Filter>AppSource</Filter>
    </ClInclude>
    <ClInclude Include="..\..\AppSource\Common\TransitionSystem.h">
      <Filter>AppSource\Common</Filter>
    </ClInclude>
    <ClInclude Include="..\..\AppSource\Game\GameEntityFactory.h">
      <Filter>AppSource\Game</Filter>
    </ClInclude>
    <ClInclude Include="..\..\AppSource\Game\GameState.h">
      <Filter>AppSource\Game</Filter>
    </ClInclude>
    <ClInclude Include="..\..\AppSource\Game\GoalCeremonySystem.h">
      <Filter>AppSource\Game</Filter>
    </ClInclude>
    <ClInclude Include="..\..\AppSource\Game\ScoringSystem.h">
      <Filter>AppSource\Game</Filter>
    </ClInclude>
    <ClInclude Include="..\..\AppSource\Game\Ball\BallControllerComponent.h">
      <Filter>AppSource\Game\Ball</Filter>
    </ClInclude>
    <ClInclude Include="..\..\AppSource\Game\Camera\CameraTiltComponent.h">
      <Filter>AppSource\Game\Camera</Filter>
    </ClInclude>
    <ClInclude Include="..\..\AppSource\Game\Physics\DynamicBodyComponent.h">
      <Filter>AppSource\Game\Physics</Filter>
    </ClInclude>
    <ClInclude Include="..\..\AppSource\Game\Physics\PhysicsSystem.h">
      <Filter>AppSource\Game\Physics</Filter>
    </ClInclude>
    <ClInclude Include="..\..\AppSource\Game\Physics\StaticBodyComponent.h">
      <Filter>AppSource\Game\Physics</Filter>
    </ClInclude>
    <ClInclude Include="..\..\AppSource\Game\Physics\TriggerComponent.h">
      <Filter>AppSource\Game\Physics</Filter>
    </ClInclude>
    <ClInclude Include="..\..\AppSource\Game\Paddle\AIControllerComponent.h">
      <Filter>AppSource\Game\Paddle</Filter>
    </ClInclude>
    <ClInclude Include="..\..\AppSource\Game\Paddle\TouchControllerComponent.h">
      <Filter>AppSource\Game\Paddle</Filter>
    </ClInclude>
    <ClInclude Include="..\..\AppSource\MainMenu\MainMenuState.h">
      <Filter>AppSource\MainMenu</Filter>
    </ClInclude>
    <ClInclude Include="..\..\AppSource\Splash\SplashState.h">
      <Filter>AppSource\Splash</Filter>
    </ClInclude>
  </ItemGroup>
</Project>