<?xml version="1.0" encoding="utf-8"?>
<Project ToolsVersion="4.0" xmlns="http://schemas.microsoft.com/developer/msbuild/2003">
  <ItemGroup>
    <Filter Include="Common">
      <UniqueIdentifier>{513375d2-d432-4955-bde0-52c9295ed8eb}</UniqueIdentifier>
    </Filter>
    <Filter Include="Game">
      <UniqueIdentifier>{081a46ee-fd24-422a-a656-82de8be5796f}</UniqueIdentifier>
    </Filter>
    <Filter Include="MainMenu">
      <UniqueIdentifier>{91918317-588f-4854-98dd-5558a6d88c0e}</UniqueIdentifier>
    </Filter>
    <Filter Include="Splash">
      <UniqueIdentifier>{93c54757-727b-4611-b56f-98c888b89292}</UniqueIdentifier>
    </Filter>
    <Filter Include="Game\Ball">
      <UniqueIdentifier>{95c51f7d-f9ea-40f2-9486-7075b4aaf2d8}</UniqueIdentifier>
    </Filter>
    <Filter Include="Game\Camera">
      <UniqueIdentifier>{83df2793-1dd3-4a7a-bc11-84014c934d02}</UniqueIdentifier>
    </Filter>
    <Filter Include="Game\Paddle">
      <UniqueIdentifier>{2b89c968-640b-46cc-94eb-1358b61f4c42}</UniqueIdentifier>
    </Filter>
    <Filter Include="Game\Physics">
      <UniqueIdentifier>{85b82100-04ae-4c70-8239-2dfb3240a4af}</UniqueIdentifier>
    </Filter>
    <Filter Include="Game\Particles">
      <UniqueIdentifier>{2e0f60af-ac26-473b-ad4e-764226c36e31}</UniqueIdentifier>
    </Filter>
  </ItemGroup>
  <ItemGroup>
    <ClCompile Include="..\..\AppSource\CSPong.cpp" />
    <ClCompile Include="..\..\AppSource\Common\TransitionSystem.cpp">
      <Filter>Common</Filter>
    </ClCompile>
    <ClCompile Include="..\..\AppSource\Game\GameEntityFactory.cpp">
      <Filter>Game</Filter>
    </ClCompile>
    <ClCompile Include="..\..\AppSource\Game\GameState.cpp">
      <Filter>Game</Filter>
    </ClCompile>
    <ClCompile Include="..\..\AppSource\Game\GoalCeremonySystem.cpp">
      <Filter>Game</Filter>
    </ClCompile>
    <ClCompile Include="..\..\AppSource\Game\ScoringSystem.cpp">
      <Filter>Game</Filter>
    </ClCompile>
    <ClCompile Include="..\..\AppSource\Game\Ball\BallControllerComponent.cpp">
      <Filter>Game\Ball</Filter>
    </ClCompile>
    <ClCompile Include="..\..\AppSource\Game\Camera\CameraTiltComponent.cpp">
      <Filter>Game\Camera</Filter>
    </ClCompile>
    <ClCompile Include="..\..\AppSource\Game\Paddle\AIControllerComponent.cpp">
      <Filter>Game\Paddle</Filter>
    </ClCompile>
    <ClCompile Include="..\..\AppSource\Game\Paddle\TouchControllerComponent.cpp">
      <Filter>Game\Paddle</Filter>
    </ClCompile>
    <ClCompile Include="..\..\AppSource\Game\Physics\DynamicBodyComponent.cpp">
      <Filter>Game\Physics</Filter>
    </ClCompile>
    <ClCompile Include="..\..\AppSource\Game\Physics\PhysicsSystem.cpp">
      <Filter>Game\Physics</Filter>
    </ClCompile>
    <ClCompile Include="..\..\AppSource\Game\Physics\StaticBodyComponent.cpp">
      <Filter>Game\Physics</Filter>
    </ClCompile>
    <ClCompile Include="..\..\AppSource\Game\Physics\TriggerComponent.cpp">
      <Filter>Game\Physics</Filter>
    </ClCompile>
    <ClCompile Include="..\..\AppSource\MainMenu\MainMenuState.cpp">
      <Filter>MainMenu</Filter>
    </ClCompile>
    <ClCompile Include="..\..\AppSource\Splash\SplashState.cpp">
      <Filter>Splash</Filter>
    </ClCompile>
    <ClCompile Include="..\..\AppSource\Game\Particles\ParticleEffectComponentFactory.cpp">
      <Filter>Game\Particles</Filter>
    </ClCompile>
  </ItemGroup>
  <ItemGroup>
    <ClInclude Include="..\..\AppSource\CSPong.h" />
    <ClInclude Include="..\..\AppSource\ForwardDeclarations.h" />
    <ClInclude Include="..\..\AppSource\Common\TransitionSystem.h">
      <Filter>Common</Filter>
    </ClInclude>
    <ClInclude Include="..\..\AppSource\Game\GameEntityFactory.h">
      <Filter>Game</Filter>
    </ClInclude>
    <ClInclude Include="..\..\AppSource\Game\GameState.h">
      <Filter>Game</Filter>
    </ClInclude>
    <ClInclude Include="..\..\AppSource\Game\GoalCeremonySystem.h">
      <Filter>Game</Filter>
    </ClInclude>
    <ClInclude Include="..\..\AppSource\Game\ScoringSystem.h">
      <Filter>Game</Filter>
    </ClInclude>
    <ClInclude Include="..\..\AppSource\Game\Ball\BallControllerComponent.h">
      <Filter>Game\Ball</Filter>
    </ClInclude>
    <ClInclude Include="..\..\AppSource\Game\Camera\CameraTiltComponent.h">
      <Filter>Game\Camera</Filter>
    </ClInclude>
    <ClInclude Include="..\..\AppSource\Game\Paddle\AIControllerComponent.h">
      <Filter>Game\Paddle</Filter>
    </ClInclude>
    <ClInclude Include="..\..\AppSource\Game\Paddle\TouchControllerComponent.h">
      <Filter>Game\Paddle</Filter>
    </ClInclude>
    <ClInclude Include="..\..\AppSource\Game\Physics\DynamicBodyComponent.h">
      <Filter>Game\Physics</Filter>
    </ClInclude>
    <ClInclude Include="..\..\AppSource\Game\Physics\PhysicsSystem.h">
      <Filter>Game\Physics</Filter>
    </ClInclude>
    <ClInclude Include="..\..\AppSource\Game\Physics\StaticBodyComponent.h">
      <Filter>Game\Physics</Filter>
    </ClInclude>
    <ClInclude Include="..\..\AppSource\Game\Physics\TriggerComponent.h">
      <Filter>Game\Physics</Filter>
    </ClInclude>
    <ClInclude Include="..\..\AppSource\MainMenu\MainMenuState.h">
      <Filter>MainMenu</Filter>
    </ClInclude>
    <ClInclude Include="..\..\AppSource\Splash\SplashState.h">
      <Filter>Splash</Filter>
    </ClInclude>
    <ClInclude Include="..\..\AppSource\Game\Particles\ParticleEffectComponentFactory.h">
      <Filter>Game\Particles</Filter>
    </ClInclude>
  </ItemGroup>
</Project>